
Microsoft Visual Studio Solution File, Format Version 12.00
# Visual Studio Version 16
VisualStudioVersion = 16.0.30621.155
MinimumVisualStudioVersion = 10.0.40219.1
Project("{FAE04EC0-301F-11D3-BF4B-00C04F79EFBC}") = "JEFFERSON_PARCIAL1_P3", "JEFFERSON_PARCIAL1_P3\JEFFERSON_PARCIAL1_P3.csproj", "{E11AB7CB-E48C-48DC-9991-57A06216A8A7}"
EndProject
Global
	GlobalSection(SolutionConfigurationPlatforms) = preSolution
		Debug|Any CPU = Debug|Any CPU
		Release|Any CPU = Release|Any CPU
	EndGlobalSection
	GlobalSection(ProjectConfigurationPlatforms) = postSolution
		{E11AB7CB-E48C-48DC-9991-57A06216A8A7}.Debug|Any CPU.ActiveCfg = Debug|Any CPU
		{E11AB7CB-E48C-48DC-9991-57A06216A8A7}.Debug|Any CPU.Build.0 = Debug|Any CPU
		{E11AB7CB-E48C-48DC-9991-57A06216A8A7}.Release|Any CPU.ActiveCfg = Release|Any CPU
		{E11AB7CB-E48C-48DC-9991-57A06216A8A7}.Release|Any CPU.Build.0 = Release|Any CPU
	EndGlobalSection
	GlobalSection(SolutionProperties) = preSolution
		HideSolutionNode = FALSE
	EndGlobalSection
	GlobalSection(ExtensibilityGlobals) = postSolution
		SolutionGuid = {B066942D-7037-4343-A0E4-80688228CB04}
	EndGlobalSection
EndGlobal
